
Microsoft Visual Studio Solution File, Format Version 12.00
Project("{FAE04EC0-301F-11D3-BF4B-00C04F79EFBC}") = "joey-rieg.github.io", "joey-rieg.github.io\joey-rieg.github.io.csproj", "{3033CD62-CD50-4B88-8436-913C5A0747DC}"
EndProject
Global
	GlobalSection(SolutionConfigurationPlatforms) = preSolution
		Debug|Any CPU = Debug|Any CPU
		Release|Any CPU = Release|Any CPU
	EndGlobalSection
	GlobalSection(ProjectConfigurationPlatforms) = postSolution
		{3033CD62-CD50-4B88-8436-913C5A0747DC}.Debug|Any CPU.ActiveCfg = Debug|Any CPU
		{3033CD62-CD50-4B88-8436-913C5A0747DC}.Debug|Any CPU.Build.0 = Debug|Any CPU
		{3033CD62-CD50-4B88-8436-913C5A0747DC}.Release|Any CPU.ActiveCfg = Release|Any CPU
		{3033CD62-CD50-4B88-8436-913C5A0747DC}.Release|Any CPU.Build.0 = Release|Any CPU
	EndGlobalSection
EndGlobal
